
Microsoft Visual Studio Solution File, Format Version 12.00
# Visual Studio 15
VisualStudioVersion = 15.0.28307.168
MinimumVisualStudioVersion = 10.0.40219.1
Project("{9A19103F-16F7-4668-BE54-9A1E7A4F7556}") = "Tests", "Tests\Tests.csproj", "{DA096B10-5D85-403B-9048-2949983DAC0F}"
EndProject
Global
	GlobalSection(SolutionConfigurationPlatforms) = preSolution
		Debug|Any CPU = Debug|Any CPU
		Release|Any CPU = Release|Any CPU
	EndGlobalSection
	GlobalSection(ProjectConfigurationPlatforms) = postSolution
		{DA096B10-5D85-403B-9048-2949983DAC0F}.Debug|Any CPU.ActiveCfg = Debug|Any CPU
		{DA096B10-5D85-403B-9048-2949983DAC0F}.Debug|Any CPU.Build.0 = Debug|Any CPU
		{DA096B10-5D85-403B-9048-2949983DAC0F}.Release|Any CPU.ActiveCfg = Release|Any CPU
		{DA096B10-5D85-403B-9048-2949983DAC0F}.Release|Any CPU.Build.0 = Release|Any CPU
	EndGlobalSection
	GlobalSection(SolutionProperties) = preSolution
		HideSolutionNode = FALSE
	EndGlobalSection
	GlobalSection(ExtensibilityGlobals) = postSolution
		SolutionGuid = {6F85A606-B7EB-4AA2-A1A4-4C5FA336F238}
	EndGlobalSection
EndGlobal
