
Microsoft Visual Studio Solution File, Format Version 12.00
# Visual Studio 15
VisualStudioVersion = 15.0.28307.168
MinimumVisualStudioVersion = 10.0.40219.1
Project("{FAE04EC0-301F-11D3-BF4B-00C04F79EFBC}") = "SpeedServerAutomation", "SpeedServerAutomation\SpeedServerAutomation.csproj", "{7A642450-5C33-4196-B8B6-A45757D73A94}"
EndProject
Global
	GlobalSection(SolutionConfigurationPlatforms) = preSolution
		Debug|Any CPU = Debug|Any CPU
		Release|Any CPU = Release|Any CPU
	EndGlobalSection
	GlobalSection(ProjectConfigurationPlatforms) = postSolution
		{7A642450-5C33-4196-B8B6-A45757D73A94}.Debug|Any CPU.ActiveCfg = Debug|Any CPU
		{7A642450-5C33-4196-B8B6-A45757D73A94}.Debug|Any CPU.Build.0 = Debug|Any CPU
		{7A642450-5C33-4196-B8B6-A45757D73A94}.Release|Any CPU.ActiveCfg = Release|Any CPU
		{7A642450-5C33-4196-B8B6-A45757D73A94}.Release|Any CPU.Build.0 = Release|Any CPU
	EndGlobalSection
	GlobalSection(SolutionProperties) = preSolution
		HideSolutionNode = FALSE
	EndGlobalSection
	GlobalSection(ExtensibilityGlobals) = postSolution
		SolutionGuid = {6F85A606-B7EB-4AA2-A1A4-4C5FA336F238}
	EndGlobalSection
EndGlobal
